
Microsoft Visual Studio Solution File, Format Version 11.00
# Visual C++ Express 2010
Project("{8BC9CEB8-8B4A-11D0-8D11-00A0C91BC942}") = "bitfighter1.0", "bitfighter1.0\bitfighter1.0.vcxproj", "{FBC38547-B892-4808-AFBD-F55A02F93009}"
EndProject
Project("{8BC9CEB8-8B4A-11D0-8D11-00A0C91BC942}") = "SDLmain", "thirdparty\SDL\VisualC\SDLmain\SDLmain_VS2010.vcxproj", "{DA956FD3-E142-46F2-9DD5-C78BEBB56B7A}"
EndProject
Project("{8BC9CEB8-8B4A-11D0-8D11-00A0C91BC942}") = "SDL", "thirdparty\SDL\VisualC\SDL\SDL_VS2010.vcxproj", "{81CE8DAF-EBB2-4761-8E45-B71ABCCA8C68}"
EndProject
Project("{8BC9CEB8-8B4A-11D0-8D11-00A0C91BC942}") = "libtomcrypt", "thirdparty\libtomcrypt\libtomcrypt.vcxproj", "{3F7F7B79-4473-4CAB-A54E-4274A9F1A01A}"
EndProject
Project("{8BC9CEB8-8B4A-11D0-8D11-00A0C91BC942}") = "chipmunk", "thirdparty\Chipmunk-Physics\msvc\vc10\chipmunk\chipmunk.vcxproj", "{C1ACE86E-5A14-490A-9678-104BA2546723}"
EndProject
Project("{8BC9CEB8-8B4A-11D0-8D11-00A0C91BC942}") = "tnl", "thirdparty\tnl\tnl.vcxproj", "{5AAE89B5-1F53-4539-9899-071E68FD9A29}"
EndProject
Project("{8BC9CEB8-8B4A-11D0-8D11-00A0C91BC942}") = "SDL_ttf", "thirdparty\SDL_ttf\VisualC\SDL_ttf.vcxproj", "{DDDBD07D-DC76-4AF6-8D02-3E2DEB6EE255}"
EndProject
Global
	GlobalSection(SolutionConfigurationPlatforms) = preSolution
		Debug DLL|Win32 = Debug DLL|Win32
		Debug|Win32 = Debug|Win32
		Release DLL|Win32 = Release DLL|Win32
		Release|Win32 = Release|Win32
		Template|Win32 = Template|Win32
	EndGlobalSection
	GlobalSection(ProjectConfigurationPlatforms) = postSolution
		{FBC38547-B892-4808-AFBD-F55A02F93009}.Debug DLL|Win32.ActiveCfg = Debug|Win32
		{FBC38547-B892-4808-AFBD-F55A02F93009}.Debug DLL|Win32.Build.0 = Debug|Win32
		{FBC38547-B892-4808-AFBD-F55A02F93009}.Debug|Win32.ActiveCfg = Debug|Win32
		{FBC38547-B892-4808-AFBD-F55A02F93009}.Debug|Win32.Build.0 = Debug|Win32
		{FBC38547-B892-4808-AFBD-F55A02F93009}.Release DLL|Win32.ActiveCfg = Release|Win32
		{FBC38547-B892-4808-AFBD-F55A02F93009}.Release DLL|Win32.Build.0 = Release|Win32
		{FBC38547-B892-4808-AFBD-F55A02F93009}.Release|Win32.ActiveCfg = Release|Win32
		{FBC38547-B892-4808-AFBD-F55A02F93009}.Release|Win32.Build.0 = Release|Win32
		{FBC38547-B892-4808-AFBD-F55A02F93009}.Template|Win32.ActiveCfg = Release|Win32
		{FBC38547-B892-4808-AFBD-F55A02F93009}.Template|Win32.Build.0 = Release|Win32
		{DA956FD3-E142-46F2-9DD5-C78BEBB56B7A}.Debug DLL|Win32.ActiveCfg = Debug|Win32
		{DA956FD3-E142-46F2-9DD5-C78BEBB56B7A}.Debug DLL|Win32.Build.0 = Debug|Win32
		{DA956FD3-E142-46F2-9DD5-C78BEBB56B7A}.Debug|Win32.ActiveCfg = Debug|Win32
		{DA956FD3-E142-46F2-9DD5-C78BEBB56B7A}.Debug|Win32.Build.0 = Debug|Win32
		{DA956FD3-E142-46F2-9DD5-C78BEBB56B7A}.Release DLL|Win32.ActiveCfg = Release|Win32
		{DA956FD3-E142-46F2-9DD5-C78BEBB56B7A}.Release DLL|Win32.Build.0 = Release|Win32
		{DA956FD3-E142-46F2-9DD5-C78BEBB56B7A}.Release|Win32.ActiveCfg = Release|Win32
		{DA956FD3-E142-46F2-9DD5-C78BEBB56B7A}.Release|Win32.Build.0 = Release|Win32
		{DA956FD3-E142-46F2-9DD5-C78BEBB56B7A}.Template|Win32.ActiveCfg = Release|Win32
		{DA956FD3-E142-46F2-9DD5-C78BEBB56B7A}.Template|Win32.Build.0 = Release|Win32
		{81CE8DAF-EBB2-4761-8E45-B71ABCCA8C68}.Debug DLL|Win32.ActiveCfg = Debug|Win32
		{81CE8DAF-EBB2-4761-8E45-B71ABCCA8C68}.Debug DLL|Win32.Build.0 = Debug|Win32
		{81CE8DAF-EBB2-4761-8E45-B71ABCCA8C68}.Debug|Win32.ActiveCfg = Debug|Win32
		{81CE8DAF-EBB2-4761-8E45-B71ABCCA8C68}.Debug|Win32.Build.0 = Debug|Win32
		{81CE8DAF-EBB2-4761-8E45-B71ABCCA8C68}.Release DLL|Win32.ActiveCfg = Release|Win32
		{81CE8DAF-EBB2-4761-8E45-B71ABCCA8C68}.Release DLL|Win32.Build.0 = Release|Win32
		{81CE8DAF-EBB2-4761-8E45-B71ABCCA8C68}.Release|Win32.ActiveCfg = Release|Win32
		{81CE8DAF-EBB2-4761-8E45-B71ABCCA8C68}.Release|Win32.Build.0 = Release|Win32
		{81CE8DAF-EBB2-4761-8E45-B71ABCCA8C68}.Template|Win32.ActiveCfg = Release|Win32
		{81CE8DAF-EBB2-4761-8E45-B71ABCCA8C68}.Template|Win32.Build.0 = Release|Win32
		{3F7F7B79-4473-4CAB-A54E-4274A9F1A01A}.Debug DLL|Win32.ActiveCfg = Debug|Win32
		{3F7F7B79-4473-4CAB-A54E-4274A9F1A01A}.Debug DLL|Win32.Build.0 = Debug|Win32
		{3F7F7B79-4473-4CAB-A54E-4274A9F1A01A}.Debug|Win32.ActiveCfg = Debug|Win32
		{3F7F7B79-4473-4CAB-A54E-4274A9F1A01A}.Debug|Win32.Build.0 = Debug|Win32
		{3F7F7B79-4473-4CAB-A54E-4274A9F1A01A}.Release DLL|Win32.ActiveCfg = Release|Win32
		{3F7F7B79-4473-4CAB-A54E-4274A9F1A01A}.Release DLL|Win32.Build.0 = Release|Win32
		{3F7F7B79-4473-4CAB-A54E-4274A9F1A01A}.Release|Win32.ActiveCfg = Release|Win32
		{3F7F7B79-4473-4CAB-A54E-4274A9F1A01A}.Release|Win32.Build.0 = Release|Win32
		{3F7F7B79-4473-4CAB-A54E-4274A9F1A01A}.Template|Win32.ActiveCfg = Template|Win32
		{3F7F7B79-4473-4CAB-A54E-4274A9F1A01A}.Template|Win32.Build.0 = Template|Win32
		{C1ACE86E-5A14-490A-9678-104BA2546723}.Debug DLL|Win32.ActiveCfg = Debug DLL|Win32
		{C1ACE86E-5A14-490A-9678-104BA2546723}.Debug DLL|Win32.Build.0 = Debug DLL|Win32
		{C1ACE86E-5A14-490A-9678-104BA2546723}.Debug|Win32.ActiveCfg = Debug|Win32
		{C1ACE86E-5A14-490A-9678-104BA2546723}.Debug|Win32.Build.0 = Debug|Win32
		{C1ACE86E-5A14-490A-9678-104BA2546723}.Release DLL|Win32.ActiveCfg = Release DLL|Win32
		{C1ACE86E-5A14-490A-9678-104BA2546723}.Release DLL|Win32.Build.0 = Release DLL|Win32
		{C1ACE86E-5A14-490A-9678-104BA2546723}.Release|Win32.ActiveCfg = Release|Win32
		{C1ACE86E-5A14-490A-9678-104BA2546723}.Release|Win32.Build.0 = Release|Win32
		{C1ACE86E-5A14-490A-9678-104BA2546723}.Template|Win32.ActiveCfg = Release|Win32
		{C1ACE86E-5A14-490A-9678-104BA2546723}.Template|Win32.Build.0 = Release|Win32
		{5AAE89B5-1F53-4539-9899-071E68FD9A29}.Debug DLL|Win32.ActiveCfg = Debug|Win32
		{5AAE89B5-1F53-4539-9899-071E68FD9A29}.Debug DLL|Win32.Build.0 = Debug|Win32
		{5AAE89B5-1F53-4539-9899-071E68FD9A29}.Debug|Win32.ActiveCfg = Debug|Win32
		{5AAE89B5-1F53-4539-9899-071E68FD9A29}.Debug|Win32.Build.0 = Debug|Win32
		{5AAE89B5-1F53-4539-9899-071E68FD9A29}.Release DLL|Win32.ActiveCfg = Release|Win32
		{5AAE89B5-1F53-4539-9899-071E68FD9A29}.Release DLL|Win32.Build.0 = Release|Win32
		{5AAE89B5-1F53-4539-9899-071E68FD9A29}.Release|Win32.ActiveCfg = Release|Win32
		{5AAE89B5-1F53-4539-9899-071E68FD9A29}.Release|Win32.Build.0 = Release|Win32
		{5AAE89B5-1F53-4539-9899-071E68FD9A29}.Template|Win32.ActiveCfg = Template|Win32
		{5AAE89B5-1F53-4539-9899-071E68FD9A29}.Template|Win32.Build.0 = Template|Win32
		{DDDBD07D-DC76-4AF6-8D02-3E2DEB6EE255}.Debug DLL|Win32.ActiveCfg = Debug|Win32
		{DDDBD07D-DC76-4AF6-8D02-3E2DEB6EE255}.Debug DLL|Win32.Build.0 = Debug|Win32
		{DDDBD07D-DC76-4AF6-8D02-3E2DEB6EE255}.Debug|Win32.ActiveCfg = Debug|Win32
		{DDDBD07D-DC76-4AF6-8D02-3E2DEB6EE255}.Debug|Win32.Build.0 = Debug|Win32
		{DDDBD07D-DC76-4AF6-8D02-3E2DEB6EE255}.Release DLL|Win32.ActiveCfg = Template|Win32
		{DDDBD07D-DC76-4AF6-8D02-3E2DEB6EE255}.Release DLL|Win32.Build.0 = Template|Win32
		{DDDBD07D-DC76-4AF6-8D02-3E2DEB6EE255}.Release|Win32.ActiveCfg = Template|Win32
		{DDDBD07D-DC76-4AF6-8D02-3E2DEB6EE255}.Release|Win32.Build.0 = Template|Win32
		{DDDBD07D-DC76-4AF6-8D02-3E2DEB6EE255}.Template|Win32.ActiveCfg = Template|Win32
		{DDDBD07D-DC76-4AF6-8D02-3E2DEB6EE255}.Template|Win32.Build.0 = Template|Win32
	EndGlobalSection
	GlobalSection(SolutionProperties) = preSolution
		HideSolutionNode = FALSE
	EndGlobalSection
EndGlobal
