<?xml version="1.0" encoding="utf-8"?>
<Project ToolsVersion="4.0" xmlns="http://schemas.microsoft.com/developer/msbuild/2003">
  <ItemGroup>
    <Filter Include="Source Files">
      <UniqueIdentifier>{4FC737F1-C7A5-4376-A066-2A32D752A2FF}</UniqueIdentifier>
      <Extensions>cpp;c;cc;cxx;def;odl;idl;hpj;bat;asm;asmx</Extensions>
    </Filter>
    <Filter Include="Header Files">
      <UniqueIdentifier>{93995380-89BD-4b04-88EB-625FBE52EBFB}</UniqueIdentifier>
      <Extensions>h;hpp;hxx;hm;inl;inc;xsd</Extensions>
    </Filter>
    <Filter Include="Resource Files">
      <UniqueIdentifier>{67DA6AB6-F800-4c08-8B7A-83BB121AAD01}</UniqueIdentifier>
      <Extensions>rc;ico;cur;bmp;dlg;rc2;rct;bin;rgs;gif;jpg;jpeg;jpe;resx;tiff;tif;png;wav;mfcribbon-ms</Extensions>
    </Filter>
    <Filter Include="Header Files\renderables">
      <UniqueIdentifier>{e5c35d2b-0f5d-47c4-b34b-d0717c251675}</UniqueIdentifier>
    </Filter>
    <Filter Include="Source Files\renderables">
      <UniqueIdentifier>{e479c609-af92-49da-ac01-79ddf4ddfa60}</UniqueIdentifier>
    </Filter>
  </ItemGroup>
  <ItemGroup>
    <None Include="ReadMe.txt" />
  </ItemGroup>
  <ItemGroup>
    <ClInclude Include="client.hpp">
      <Filter>Header Files</Filter>
    </ClInclude>
    <ClInclude Include="authentication.hpp">
      <Filter>Header Files</Filter>
    </ClInclude>
    <ClInclude Include="application.hpp">
      <Filter>Header Files</Filter>
    </ClInclude>
    <ClInclude Include="server.hpp">
      <Filter>Header Files</Filter>
    </ClInclude>
    <ClInclude Include="thread.hpp">
      <Filter>Header Files</Filter>
    </ClInclude>
    <ClInclude Include="exceptions.hpp">
      <Filter>Header Files</Filter>
    </ClInclude>
    <ClInclude Include="shapes.hpp">
      <Filter>Header Files</Filter>
    </ClInclude>
    <ClInclude Include="menu.hpp">
      <Filter>Header Files</Filter>
    </ClInclude>
    <ClInclude Include="menuitem.hpp">
      <Filter>Header Files</Filter>
    </ClInclude>
    <ClInclude Include="font.hpp">
      <Filter>Header Files</Filter>
    </ClInclude>
    <ClInclude Include="sdlutil.hpp">
      <Filter>Header Files</Filter>
    </ClInclude>
    <ClInclude Include="colours.hpp">
      <Filter>Header Files</Filter>
    </ClInclude>
    <ClInclude Include="window.hpp">
      <Filter>Header Files</Filter>
    </ClInclude>
    <ClInclude Include="point.hpp">
      <Filter>Header Files</Filter>
    </ClInclude>
    <ClInclude Include="renderable.hpp">
      <Filter>Header Files</Filter>
    </ClInclude>
    <ClInclude Include="renderable_box.hpp">
      <Filter>Header Files\renderables</Filter>
    </ClInclude>
  </ItemGroup>
  <ItemGroup>
    <ClCompile Include="bitfighter1.0.cpp">
      <Filter>Source Files</Filter>
    </ClCompile>
    <ClCompile Include="application.cpp">
      <Filter>Source Files</Filter>
    </ClCompile>
    <ClCompile Include="thread.cpp">
      <Filter>Source Files</Filter>
    </ClCompile>
    <ClCompile Include="menu.cpp">
      <Filter>Source Files</Filter>
    </ClCompile>
    <ClCompile Include="menuitem.cpp">
      <Filter>Source Files</Filter>
    </ClCompile>
    <ClCompile Include="font.cpp">
      <Filter>Source Files</Filter>
    </ClCompile>
    <ClCompile Include="sdlutil.cpp">
      <Filter>Source Files</Filter>
    </ClCompile>
    <ClCompile Include="exceptions.cpp">
      <Filter>Source Files</Filter>
    </ClCompile>
    <ClCompile Include="window.cpp">
      <Filter>Source Files</Filter>
    </ClCompile>
    <ClCompile Include="renderable.cpp">
      <Filter>Source Files</Filter>
    </ClCompile>
    <ClCompile Include="renderable_box.cpp">
      <Filter>Source Files\renderables</Filter>
    </ClCompile>
  </ItemGroup>
</Project>